
Microsoft Visual Studio Solution File, Format Version 12.00
# Visual Studio Version 17
VisualStudioVersion = 17.0.32014.148
MinimumVisualStudioVersion = 10.0.40219.1
Project("{FAE04EC0-301F-11D3-BF4B-00C04F79EFBC}") = "Example", "Example\Example.csproj", "{DF833E8A-E97F-4544-A01A-063FD9B65348}"
EndProject
Global
	GlobalSection(SolutionConfigurationPlatforms) = preSolution
		Debug|Any CPU = Debug|Any CPU
		Release|Any CPU = Release|Any CPU
	EndGlobalSection
	GlobalSection(ProjectConfigurationPlatforms) = postSolution
		{DF833E8A-E97F-4544-A01A-063FD9B65348}.Debug|Any CPU.ActiveCfg = Debug|Any CPU
		{DF833E8A-E97F-4544-A01A-063FD9B65348}.Debug|Any CPU.Build.0 = Debug|Any CPU
		{DF833E8A-E97F-4544-A01A-063FD9B65348}.Release|Any CPU.ActiveCfg = Release|Any CPU
		{DF833E8A-E97F-4544-A01A-063FD9B65348}.Release|Any CPU.Build.0 = Release|Any CPU
	EndGlobalSection
	GlobalSection(SolutionProperties) = preSolution
		HideSolutionNode = FALSE
	EndGlobalSection
	GlobalSection(ExtensibilityGlobals) = postSolution
		SolutionGuid = {AC542FF3-31CB-4681-870F-ADFB9E996538}
	EndGlobalSection
EndGlobal
